
Microsoft Visual Studio Solution File, Format Version 12.00
# Visual Studio Version 17
VisualStudioVersion = 17.14.36401.2
MinimumVisualStudioVersion = 10.0.40219.1
Project("{FAE04EC0-301F-11D3-BF4B-00C04F79EFBC}") = "Movies.API", "Movies.API\Movies.API.csproj", "{1A70E2C8-9AC8-42E9-BED5-5B2590020402}"
EndProject
Project("{2150E333-8FDC-42A3-9474-1A3956D46DE8}") = "Solution Items", "Solution Items", "{02EA681E-C7D8-13C7-8484-4AC65E1B71E8}"
	ProjectSection(SolutionItems) = preProject
		.editorconfig = .editorconfig
		Directory.Packages.props = Directory.Packages.props
	EndProjectSection
EndProject
Global
	GlobalSection(SolutionConfigurationPlatforms) = preSolution
		Debug|Any CPU = Debug|Any CPU
		Release|Any CPU = Release|Any CPU
	EndGlobalSection
	GlobalSection(ProjectConfigurationPlatforms) = postSolution
		{1A70E2C8-9AC8-42E9-BED5-5B2590020402}.Debug|Any CPU.ActiveCfg = Debug|Any CPU
		{1A70E2C8-9AC8-42E9-BED5-5B2590020402}.Debug|Any CPU.Build.0 = Debug|Any CPU
		{1A70E2C8-9AC8-42E9-BED5-5B2590020402}.Release|Any CPU.ActiveCfg = Release|Any CPU
		{1A70E2C8-9AC8-42E9-BED5-5B2590020402}.Release|Any CPU.Build.0 = Release|Any CPU
	EndGlobalSection
	GlobalSection(SolutionProperties) = preSolution
		HideSolutionNode = FALSE
	EndGlobalSection
	GlobalSection(ExtensibilityGlobals) = postSolution
		SolutionGuid = {8DE8A38B-D3B7-4CEA-A5FA-CC4AC2913231}
	EndGlobalSection
EndGlobal
